
Microsoft Visual Studio Solution File, Format Version 12.00
# Visual Studio Version 16
VisualStudioVersion = 16.0.30114.105
MinimumVisualStudioVersion = 10.0.40219.1
Project("{FAE04EC0-301F-11D3-BF4B-00C04F79EFBC}") = "RabbitMQ.Consumer", "RabbitMQ.Consumer\RabbitMQ.Consumer.csproj", "{FCC771F8-C662-4A05-B25C-A895890BE05D}"
EndProject
Global
	GlobalSection(SolutionConfigurationPlatforms) = preSolution
		Debug|Any CPU = Debug|Any CPU
		Release|Any CPU = Release|Any CPU
	EndGlobalSection
	GlobalSection(ProjectConfigurationPlatforms) = postSolution
		{FCC771F8-C662-4A05-B25C-A895890BE05D}.Debug|Any CPU.ActiveCfg = Debug|Any CPU
		{FCC771F8-C662-4A05-B25C-A895890BE05D}.Debug|Any CPU.Build.0 = Debug|Any CPU
		{FCC771F8-C662-4A05-B25C-A895890BE05D}.Release|Any CPU.ActiveCfg = Release|Any CPU
		{FCC771F8-C662-4A05-B25C-A895890BE05D}.Release|Any CPU.Build.0 = Release|Any CPU
	EndGlobalSection
	GlobalSection(SolutionProperties) = preSolution
		HideSolutionNode = FALSE
	EndGlobalSection
	GlobalSection(ExtensibilityGlobals) = postSolution
		SolutionGuid = {0772F62E-1F93-4C1D-BC9D-8855E372BFA2}
	EndGlobalSection
EndGlobal
